
Microsoft Visual Studio Solution File, Format Version 12.00
# Visual Studio Version 16
VisualStudioVersion = 16.0.31112.23
MinimumVisualStudioVersion = 10.0.40219.1
Project("{FAE04EC0-301F-11D3-BF4B-00C04F79EFBC}") = "HwMonCore", "HwMonCore\HwMonCore.csproj", "{D2459C3E-A39A-40D3-A752-0C829648E304}"
EndProject
Project("{FAE04EC0-301F-11D3-BF4B-00C04F79EFBC}") = "HwMonCoreConsole", "HwMonCoreConsole\HwMonCoreConsole.csproj", "{8B35F862-AD70-4281-B094-7AEBB45A039D}"
EndProject
Global
	GlobalSection(SolutionConfigurationPlatforms) = preSolution
		Debug|Any CPU = Debug|Any CPU
		Release|Any CPU = Release|Any CPU
	EndGlobalSection
	GlobalSection(ProjectConfigurationPlatforms) = postSolution
		{D2459C3E-A39A-40D3-A752-0C829648E304}.Debug|Any CPU.ActiveCfg = Debug|Any CPU
		{D2459C3E-A39A-40D3-A752-0C829648E304}.Debug|Any CPU.Build.0 = Debug|Any CPU
		{D2459C3E-A39A-40D3-A752-0C829648E304}.Release|Any CPU.ActiveCfg = Release|Any CPU
		{D2459C3E-A39A-40D3-A752-0C829648E304}.Release|Any CPU.Build.0 = Release|Any CPU
		{8B35F862-AD70-4281-B094-7AEBB45A039D}.Debug|Any CPU.ActiveCfg = Debug|Any CPU
		{8B35F862-AD70-4281-B094-7AEBB45A039D}.Debug|Any CPU.Build.0 = Debug|Any CPU
		{8B35F862-AD70-4281-B094-7AEBB45A039D}.Release|Any CPU.ActiveCfg = Release|Any CPU
		{8B35F862-AD70-4281-B094-7AEBB45A039D}.Release|Any CPU.Build.0 = Release|Any CPU
	EndGlobalSection
	GlobalSection(SolutionProperties) = preSolution
		HideSolutionNode = FALSE
	EndGlobalSection
	GlobalSection(ExtensibilityGlobals) = postSolution
		SolutionGuid = {EEBFE155-8280-4F84-B81B-D919BA375198}
	EndGlobalSection
EndGlobal
